
Microsoft Visual Studio Solution File, Format Version 12.00
Project("{FAE04EC0-301F-11D3-BF4B-00C04F79EFBC}") = "ApiGateway", "ApiGateway\ApiGateway.csproj", "{FB9D68AD-2B8B-4968-9575-5BC7BD4D976A}"
EndProject
Project("{2150E333-8FDC-42A3-9474-1A3956D46DE8}") = "Microservices", "Microservices", "{17045302-42CA-4D27-B5EF-62086B26B340}"
EndProject
Project("{FAE04EC0-301F-11D3-BF4B-00C04F79EFBC}") = "Identity.Server", "Microservices\Identity\Identity.Server\Identity.Server.csproj", "{70CE9B59-1045-4772-B0D5-FE126D2A80C6}"
EndProject
Project("{FAE04EC0-301F-11D3-BF4B-00C04F79EFBC}") = "Funiafy.Server", "Microservices\Funiafy\Funiafy.Server\Funiafy.Server.csproj", "{9F708C51-55EC-43A7-A33E-F53B6D952286}"
EndProject
Project("{FAE04EC0-301F-11D3-BF4B-00C04F79EFBC}") = "Shared.Server", "Microservices\Shared\Shared.Server\Shared.Server.csproj", "{55B9336B-70CA-48AC-801E-9C4F178524FF}"
EndProject
Project("{2150E333-8FDC-42A3-9474-1A3956D46DE8}") = "Identity", "Identity", "{FBDE866B-34F2-42C8-BF10-9E96B1B6ADA2}"
EndProject
Project("{2150E333-8FDC-42A3-9474-1A3956D46DE8}") = "Funiafy", "Funiafy", "{4681E01B-6CB2-4AAB-A740-6B7F06886FF0}"
EndProject
Project("{2150E333-8FDC-42A3-9474-1A3956D46DE8}") = "Shared", "Shared", "{E10A9296-9E90-4701-8A6C-B32E2117E9D8}"
EndProject
Project("{FAE04EC0-301F-11D3-BF4B-00C04F79EFBC}") = "Identity.Data", "Microservices\Identity\Identity.Data\Identity.Data.csproj", "{39B4F275-D7E6-4B4D-B791-276236E317DB}"
EndProject
Project("{FAE04EC0-301F-11D3-BF4B-00C04F79EFBC}") = "Identity.Business", "Microservices\Identity\Identity.Business\Identity.Business.csproj", "{55D45486-9C13-4FD1-9483-BA67257EED99}"
EndProject
Project("{FAE04EC0-301F-11D3-BF4B-00C04F79EFBC}") = "Funiafy.Domain", "Microservices\Funiafy\Funiafy.Domain\Funiafy.Domain.csproj", "{74369B27-7BE8-4F74-9999-7EB6CB466328}"
EndProject
Project("{FAE04EC0-301F-11D3-BF4B-00C04F79EFBC}") = "Funiafy.Data", "Microservices\Funiafy\Funiafy.Data\Funiafy.Data.csproj", "{F4B68076-5F3C-4373-9EC5-E3AB2F63E93E}"
EndProject
Project("{FAE04EC0-301F-11D3-BF4B-00C04F79EFBC}") = "Funiafy.Business", "Microservices\Funiafy\Funiafy.Business\Funiafy.Business.csproj", "{62F54CA1-BF9B-444F-A206-796A3C65CE13}"
EndProject
Project("{FAE04EC0-301F-11D3-BF4B-00C04F79EFBC}") = "Shared.Services.Implementation", "Microservices\Shared\Shared.Services.Implementation\Shared.Services.Implementation.csproj", "{F5296B41-14B6-4968-9F0C-5145B07CA8D9}"
EndProject
Project("{FAE04EC0-301F-11D3-BF4B-00C04F79EFBC}") = "Shared.Services.Interfaces", "Microservices\Shared\Shared.Services.Interfaces\Shared.Services.Interfaces.csproj", "{E1623598-3D79-4E87-A6E1-75AAEDB28503}"
EndProject
Global
	GlobalSection(SolutionConfigurationPlatforms) = preSolution
		Debug|Any CPU = Debug|Any CPU
		Release|Any CPU = Release|Any CPU
	EndGlobalSection
	GlobalSection(ProjectConfigurationPlatforms) = postSolution
		{FB9D68AD-2B8B-4968-9575-5BC7BD4D976A}.Debug|Any CPU.ActiveCfg = Debug|Any CPU
		{FB9D68AD-2B8B-4968-9575-5BC7BD4D976A}.Debug|Any CPU.Build.0 = Debug|Any CPU
		{FB9D68AD-2B8B-4968-9575-5BC7BD4D976A}.Release|Any CPU.ActiveCfg = Release|Any CPU
		{FB9D68AD-2B8B-4968-9575-5BC7BD4D976A}.Release|Any CPU.Build.0 = Release|Any CPU
		{70CE9B59-1045-4772-B0D5-FE126D2A80C6}.Debug|Any CPU.ActiveCfg = Debug|Any CPU
		{70CE9B59-1045-4772-B0D5-FE126D2A80C6}.Debug|Any CPU.Build.0 = Debug|Any CPU
		{70CE9B59-1045-4772-B0D5-FE126D2A80C6}.Release|Any CPU.ActiveCfg = Release|Any CPU
		{70CE9B59-1045-4772-B0D5-FE126D2A80C6}.Release|Any CPU.Build.0 = Release|Any CPU
		{9F708C51-55EC-43A7-A33E-F53B6D952286}.Debug|Any CPU.ActiveCfg = Debug|Any CPU
		{9F708C51-55EC-43A7-A33E-F53B6D952286}.Debug|Any CPU.Build.0 = Debug|Any CPU
		{9F708C51-55EC-43A7-A33E-F53B6D952286}.Release|Any CPU.ActiveCfg = Release|Any CPU
		{9F708C51-55EC-43A7-A33E-F53B6D952286}.Release|Any CPU.Build.0 = Release|Any CPU
		{55B9336B-70CA-48AC-801E-9C4F178524FF}.Debug|Any CPU.ActiveCfg = Debug|Any CPU
		{55B9336B-70CA-48AC-801E-9C4F178524FF}.Debug|Any CPU.Build.0 = Debug|Any CPU
		{55B9336B-70CA-48AC-801E-9C4F178524FF}.Release|Any CPU.ActiveCfg = Release|Any CPU
		{55B9336B-70CA-48AC-801E-9C4F178524FF}.Release|Any CPU.Build.0 = Release|Any CPU
		{39B4F275-D7E6-4B4D-B791-276236E317DB}.Debug|Any CPU.ActiveCfg = Debug|Any CPU
		{39B4F275-D7E6-4B4D-B791-276236E317DB}.Debug|Any CPU.Build.0 = Debug|Any CPU
		{39B4F275-D7E6-4B4D-B791-276236E317DB}.Release|Any CPU.ActiveCfg = Release|Any CPU
		{39B4F275-D7E6-4B4D-B791-276236E317DB}.Release|Any CPU.Build.0 = Release|Any CPU
		{55D45486-9C13-4FD1-9483-BA67257EED99}.Debug|Any CPU.ActiveCfg = Debug|Any CPU
		{55D45486-9C13-4FD1-9483-BA67257EED99}.Debug|Any CPU.Build.0 = Debug|Any CPU
		{55D45486-9C13-4FD1-9483-BA67257EED99}.Release|Any CPU.ActiveCfg = Release|Any CPU
		{55D45486-9C13-4FD1-9483-BA67257EED99}.Release|Any CPU.Build.0 = Release|Any CPU
		{74369B27-7BE8-4F74-9999-7EB6CB466328}.Debug|Any CPU.ActiveCfg = Debug|Any CPU
		{74369B27-7BE8-4F74-9999-7EB6CB466328}.Debug|Any CPU.Build.0 = Debug|Any CPU
		{74369B27-7BE8-4F74-9999-7EB6CB466328}.Release|Any CPU.ActiveCfg = Release|Any CPU
		{74369B27-7BE8-4F74-9999-7EB6CB466328}.Release|Any CPU.Build.0 = Release|Any CPU
		{F4B68076-5F3C-4373-9EC5-E3AB2F63E93E}.Debug|Any CPU.ActiveCfg = Debug|Any CPU
		{F4B68076-5F3C-4373-9EC5-E3AB2F63E93E}.Debug|Any CPU.Build.0 = Debug|Any CPU
		{F4B68076-5F3C-4373-9EC5-E3AB2F63E93E}.Release|Any CPU.ActiveCfg = Release|Any CPU
		{F4B68076-5F3C-4373-9EC5-E3AB2F63E93E}.Release|Any CPU.Build.0 = Release|Any CPU
		{62F54CA1-BF9B-444F-A206-796A3C65CE13}.Debug|Any CPU.ActiveCfg = Debug|Any CPU
		{62F54CA1-BF9B-444F-A206-796A3C65CE13}.Debug|Any CPU.Build.0 = Debug|Any CPU
		{62F54CA1-BF9B-444F-A206-796A3C65CE13}.Release|Any CPU.ActiveCfg = Release|Any CPU
		{62F54CA1-BF9B-444F-A206-796A3C65CE13}.Release|Any CPU.Build.0 = Release|Any CPU
		{F5296B41-14B6-4968-9F0C-5145B07CA8D9}.Debug|Any CPU.ActiveCfg = Debug|Any CPU
		{F5296B41-14B6-4968-9F0C-5145B07CA8D9}.Debug|Any CPU.Build.0 = Debug|Any CPU
		{F5296B41-14B6-4968-9F0C-5145B07CA8D9}.Release|Any CPU.ActiveCfg = Release|Any CPU
		{F5296B41-14B6-4968-9F0C-5145B07CA8D9}.Release|Any CPU.Build.0 = Release|Any CPU
		{E1623598-3D79-4E87-A6E1-75AAEDB28503}.Debug|Any CPU.ActiveCfg = Debug|Any CPU
		{E1623598-3D79-4E87-A6E1-75AAEDB28503}.Debug|Any CPU.Build.0 = Debug|Any CPU
		{E1623598-3D79-4E87-A6E1-75AAEDB28503}.Release|Any CPU.ActiveCfg = Release|Any CPU
		{E1623598-3D79-4E87-A6E1-75AAEDB28503}.Release|Any CPU.Build.0 = Release|Any CPU
	EndGlobalSection
	GlobalSection(NestedProjects) = preSolution
		{FBDE866B-34F2-42C8-BF10-9E96B1B6ADA2} = {17045302-42CA-4D27-B5EF-62086B26B340}
		{70CE9B59-1045-4772-B0D5-FE126D2A80C6} = {FBDE866B-34F2-42C8-BF10-9E96B1B6ADA2}
		{4681E01B-6CB2-4AAB-A740-6B7F06886FF0} = {17045302-42CA-4D27-B5EF-62086B26B340}
		{9F708C51-55EC-43A7-A33E-F53B6D952286} = {4681E01B-6CB2-4AAB-A740-6B7F06886FF0}
		{E10A9296-9E90-4701-8A6C-B32E2117E9D8} = {17045302-42CA-4D27-B5EF-62086B26B340}
		{55B9336B-70CA-48AC-801E-9C4F178524FF} = {E10A9296-9E90-4701-8A6C-B32E2117E9D8}
		{39B4F275-D7E6-4B4D-B791-276236E317DB} = {FBDE866B-34F2-42C8-BF10-9E96B1B6ADA2}
		{55D45486-9C13-4FD1-9483-BA67257EED99} = {FBDE866B-34F2-42C8-BF10-9E96B1B6ADA2}
		{74369B27-7BE8-4F74-9999-7EB6CB466328} = {4681E01B-6CB2-4AAB-A740-6B7F06886FF0}
		{F4B68076-5F3C-4373-9EC5-E3AB2F63E93E} = {4681E01B-6CB2-4AAB-A740-6B7F06886FF0}
		{62F54CA1-BF9B-444F-A206-796A3C65CE13} = {4681E01B-6CB2-4AAB-A740-6B7F06886FF0}
		{F5296B41-14B6-4968-9F0C-5145B07CA8D9} = {E10A9296-9E90-4701-8A6C-B32E2117E9D8}
		{E1623598-3D79-4E87-A6E1-75AAEDB28503} = {E10A9296-9E90-4701-8A6C-B32E2117E9D8}
	EndGlobalSection
EndGlobal
